
Microsoft Visual Studio Solution File, Format Version 12.00
# Visual Studio Version 16
VisualStudioVersion = 16.0.30717.126
MinimumVisualStudioVersion = 10.0.40219.1
Project("{FAE04EC0-301F-11D3-BF4B-00C04F79EFBC}") = "AppLauncher", "AppLauncher\AppLauncher.csproj", "{834F6087-780C-4B26-81A3-53BA53147946}"
EndProject
Global
	GlobalSection(SolutionConfigurationPlatforms) = preSolution
		Debug|Any CPU = Debug|Any CPU
		Release|Any CPU = Release|Any CPU
	EndGlobalSection
	GlobalSection(ProjectConfigurationPlatforms) = postSolution
		{834F6087-780C-4B26-81A3-53BA53147946}.Debug|Any CPU.ActiveCfg = Debug|Any CPU
		{834F6087-780C-4B26-81A3-53BA53147946}.Debug|Any CPU.Build.0 = Debug|Any CPU
		{834F6087-780C-4B26-81A3-53BA53147946}.Release|Any CPU.ActiveCfg = Release|Any CPU
		{834F6087-780C-4B26-81A3-53BA53147946}.Release|Any CPU.Build.0 = Release|Any CPU
	EndGlobalSection
	GlobalSection(SolutionProperties) = preSolution
		HideSolutionNode = FALSE
	EndGlobalSection
	GlobalSection(ExtensibilityGlobals) = postSolution
		SolutionGuid = {2A6F318F-AA39-4669-8F6B-BFD2E562E3C5}
	EndGlobalSection
EndGlobal
